
Microsoft Visual Studio Solution File, Format Version 12.00
# Visual Studio Version 17
VisualStudioVersion = 17.1.32328.378
MinimumVisualStudioVersion = 10.0.40219.1
Project("{2150E333-8FDC-42A3-9474-1A3956D46DE8}") = "Solution Items", "Solution Items", "{C27AD8D7-BE62-4A13-8857-368B555D3385}"
	ProjectSection(SolutionItems) = preProject
		Futuremud Reference Schema.sql = Futuremud Reference Schema.sql
		NCalc\NCalc.vsmdi = NCalc\NCalc.vsmdi
	EndProjectSection
EndProject
Project("{2150E333-8FDC-42A3-9474-1A3956D46DE8}") = "Database Scripts", "Database Scripts", "{620FFEB9-24D4-4514-8764-F34278BC2E5E}"
	ProjectSection(SolutionItems) = preProject
		DB-Update-20170730a.sql = DB-Update-20170730a.sql
		DB-Update-20170824a.sql = DB-Update-20170824a.sql
		DB-Update-20170824b.sql = DB-Update-20170824b.sql
		DB-Update-20170901a.sql = DB-Update-20170901a.sql
		DB-Update-20170929a.sql = DB-Update-20170929a.sql
		DB-Update-20171001a.sql = DB-Update-20171001a.sql
		DB-Update-20171005a.sql = DB-Update-20171005a.sql
		DB-Update-20171203a.sql = DB-Update-20171203a.sql
		DB-Update-20171211a.sql = DB-Update-20171211a.sql
		DB-Update-20171221a.sql = DB-Update-20171221a.sql
		DB-Update-20171229a.sql = DB-Update-20171229a.sql
		DB-Update-20171231a.sql = DB-Update-20171231a.sql
		DB-Update-20180103a.sql = DB-Update-20180103a.sql
		DB-Update-20180104a.sql = DB-Update-20180104a.sql
		DB-Update-20180107a.sql = DB-Update-20180107a.sql
		DB-Update-20180118a.sql = DB-Update-20180118a.sql
		DB-Update-20180125a.sql = DB-Update-20180125a.sql
		DB-Update-20180125b.sql = DB-Update-20180125b.sql
		DB-Update-20180204a.sql = DB-Update-20180204a.sql
		DB-Update-20180210a.sql = DB-Update-20180210a.sql
		DB-Update-20180222a.sql = DB-Update-20180222a.sql
		DB-Update-20180304a.sql = DB-Update-20180304a.sql
		DB-Update-20180304b.sql = DB-Update-20180304b.sql
		DB-Update-20180317a.sql = DB-Update-20180317a.sql
		DB-Update-20180319a.sql = DB-Update-20180319a.sql
		DB-Update-20180320a.sql = DB-Update-20180320a.sql
		DB-Update-20180323a.sql = DB-Update-20180323a.sql
		DB-Update-20180401a.sql = DB-Update-20180401a.sql
		DB-Update-20180401b.sql = DB-Update-20180401b.sql
		DB-Update-20180402a.sql = DB-Update-20180402a.sql
		DB-Update-20180402b.sql = DB-Update-20180402b.sql
		DB-Update-20180411a.sql = DB-Update-20180411a.sql
		DB-Update-20180414a.sql = DB-Update-20180414a.sql
		DB-Update-20180415a.sql = DB-Update-20180415a.sql
		DB-Update-20180415b.sql = DB-Update-20180415b.sql
		DB-Update-20180416a.sql = DB-Update-20180416a.sql
		DB-Update-20180417a.sql = DB-Update-20180417a.sql
		DB-Update-20180422a.sql = DB-Update-20180422a.sql
		DB-Update-20180502a.sql = DB-Update-20180502a.sql
		DB-Update-20180525a.sql = DB-Update-20180525a.sql
		DB-Update-20180605a.sql = DB-Update-20180605a.sql
		DB-Update-20180606a.sql = DB-Update-20180606a.sql
		DB-Update-20180722a.sql = DB-Update-20180722a.sql
		DB-Update-20180727a.sql = DB-Update-20180727a.sql
		DB-Update-20180811a.sql = DB-Update-20180811a.sql
		DB-Update-20181201a.sql = DB-Update-20181201a.sql
		DB-Update-20181202a.sql = DB-Update-20181202a.sql
		DB-Update-20181229a.sql = DB-Update-20181229a.sql
		DB-Update-20190101a.sql = DB-Update-20190101a.sql
		DB-Update-20190103a.sql = DB-Update-20190103a.sql
		DB-Update-20190120a.sql = DB-Update-20190120a.sql
		DB-Update-20190210a.sql = DB-Update-20190210a.sql
		DB-Update-20190326a.sql = DB-Update-20190326a.sql
		DB-Update-20190415a.sql = DB-Update-20190415a.sql
		DB-Update-20190505a.sql = DB-Update-20190505a.sql
		DB-Update-20190512a.sql = DB-Update-20190512a.sql
		DB-Update-20190525a.sql = DB-Update-20190525a.sql
		DB-Update-20190526a.sql = DB-Update-20190526a.sql
		DB-Update-20190528a.sql = DB-Update-20190528a.sql
		DB-Update-20190530a.sql = DB-Update-20190530a.sql
		DB-Update-20190603a.sql = DB-Update-20190603a.sql
		DB-Update-20190607a.sql = DB-Update-20190607a.sql
		DB-Update-20190609a.sql = DB-Update-20190609a.sql
		DB-Update-20190615a.sql = DB-Update-20190615a.sql
		DB-Update-20190708a.sql = DB-Update-20190708a.sql
		DB-Update-20190717a.sql = DB-Update-20190717a.sql
		DB-Update-20190727.sql = DB-Update-20190727.sql
		DB-Update-20190810a.sql = DB-Update-20190810a.sql
		DB-Update-20190930a.sql = DB-Update-20190930a.sql
		DB-Update-20191016a.sql = DB-Update-20191016a.sql
		DB-Update-20191022a.sql = DB-Update-20191022a.sql
		DB-Update-20191024a.sql = DB-Update-20191024a.sql
		DB-Update-20191106a.sql = DB-Update-20191106a.sql
		DB-Update-20191122a.sql = DB-Update-20191122a.sql
		DB-Update-20191212a.sql = DB-Update-20191212a.sql
		DB-Update-20191231a.sql = DB-Update-20191231a.sql
		DB-Update-20200119a.sql = DB-Update-20200119a.sql
		DB-Update-20200129a.sql = DB-Update-20200129a.sql
		DB-Update-20200202a.sql = DB-Update-20200202a.sql
		DB-Update-20200301a.sql = DB-Update-20200301a.sql
		DB-Update-20200529a.sql = DB-Update-20200529a.sql
		DB-Update-20200604a.sql = DB-Update-20200604a.sql
		DB-Update-20200622a.sql = DB-Update-20200622a.sql
	EndProjectSection
EndProject
Project("{2150E333-8FDC-42A3-9474-1A3956D46DE8}") = "Analyzers", "Analyzers", "{EC75D277-E25F-4978-B153-195DDB185097}"
EndProject
Project("{FAE04EC0-301F-11D3-BF4B-00C04F79EFBC}") = "FutureMUD_Analyzers", "FutureMUD Analyzers\FutureMUD_Analyzers\FutureMUD_Analyzers.csproj", "{5C727653-AE8C-468A-AFED-99E2CA615B31}"
EndProject
Project("{FAE04EC0-301F-11D3-BF4B-00C04F79EFBC}") = "FutureMUD_Analyzers.Vsix", "FutureMUD Analyzers\FutureMUD_Analyzers.Vsix\FutureMUD_Analyzers.Vsix.csproj", "{6CC81E07-F4B8-405A-854C-D460A89B18D5}"
EndProject
Project("{9A19103F-16F7-4668-BE54-9A1E7A4F7556}") = "MudSharpCore", "MudSharpCore\MudSharpCore.csproj", "{9C705585-68F4-478E-AA12-EE8AE5D6AC3A}"
EndProject
Project("{9A19103F-16F7-4668-BE54-9A1E7A4F7556}") = "DatabaseSeeder", "DatabaseSeeder\DatabaseSeeder.csproj", "{9DA9C0B0-9B5C-451F-AE0E-EDBE4B9DADEF}"
EndProject
Project("{9A19103F-16F7-4668-BE54-9A1E7A4F7556}") = "MudSharpCore Unit Tests", "MudSharpCore Unit Tests\MudSharpCore Unit Tests.csproj", "{1F44C1C9-9054-4D67-BDA1-06C179C3E943}"
EndProject
Project("{9A19103F-16F7-4668-BE54-9A1E7A4F7556}") = "DiscordBotCore", "DiscordBotCore\DiscordBotCore.csproj", "{AB0A3556-1C95-4FEB-9B88-F53D0A0EF0AE}"
EndProject
Project("{9A19103F-16F7-4668-BE54-9A1E7A4F7556}") = "Terrain Planner Core", "Terrain Planner Core\Terrain Planner Core.csproj", "{2B63F3A3-DC55-47DD-BC28-AF8837F07107}"
EndProject
Project("{9A19103F-16F7-4668-BE54-9A1E7A4F7556}") = "ExpressionEngine", "ExpressionEngine\ExpressionEngine.csproj", "{9E727C55-2627-41ED-9FE0-36186E95F454}"
EndProject
Project("{9A19103F-16F7-4668-BE54-9A1E7A4F7556}") = "MudsharpDatabaseLibrary", "MudsharpDatabaseLibrary\MudsharpDatabaseLibrary.csproj", "{2DD7C1C9-1632-486C-814C-0AFFA285DA0A}"
EndProject
Project("{9A19103F-16F7-4668-BE54-9A1E7A4F7556}") = "FutureMUDLibrary", "FutureMUDLibrary\FutureMUDLibrary.csproj", "{7CCC2E29-491D-42ED-ABDF-48386A7739CE}"
EndProject
Project("{9A19103F-16F7-4668-BE54-9A1E7A4F7556}") = "TerrainEditorBlazor", "TerrainEditorBlazor\TerrainEditorBlazor.csproj", "{F3DDF72F-AE81-4648-8ED2-FC8FB1DC73C3}"
EndProject
Project("{9A19103F-16F7-4668-BE54-9A1E7A4F7556}") = "Terrain API", "Terrain API\Terrain API.csproj", "{D9A787F6-5381-4172-ACEF-5D51E66CA727}"
EndProject
Project("{9A19103F-16F7-4668-BE54-9A1E7A4F7556}") = "Terrain Planner Blazor WASM", "Terrain Planner Blazor WASM\Terrain Planner Blazor WASM.csproj", "{D39953E2-72A7-4E13-A01C-23E4AABAC72A}"
EndProject
Project("{9A19103F-16F7-4668-BE54-9A1E7A4F7556}") = "MudSharp Watcher", "MudSharp Watcher\MudSharp Watcher.csproj", "{64892309-9E55-476B-89F5-FEF1F9501622}"
EndProject
Project("{9A19103F-16F7-4668-BE54-9A1E7A4F7556}") = "MudSharp Benchmarks", "MudSharp Benchmarks\MudSharp Benchmarks.csproj", "{AB721AA2-38AA-4324-8A3C-30C1AE887726}"
EndProject
Project("{9A19103F-16F7-4668-BE54-9A1E7A4F7556}") = "RPI Engine Worldfile Converter", "RPI Engine Worldfile Converter\RPI Engine Worldfile Converter.csproj", "{F7117A5B-9FB7-4A69-995A-D268AC2CB935}"
EndProject
Project("{FAE04EC0-301F-11D3-BF4B-00C04F79EFBC}") = "FutureMUD Upgrade Service", "FutureMUD Upgrade Service\FutureMUD Upgrade Service.csproj", "{FDE0C024-D290-4B7E-AB77-5264990D1804}"
EndProject
Global
	GlobalSection(SolutionConfigurationPlatforms) = preSolution
		Debug (LabMUD)|Any CPU = Debug (LabMUD)|Any CPU
		Debug (LabMUD)|Mixed Platforms = Debug (LabMUD)|Mixed Platforms
		Debug (LabMUD)|Win32 = Debug (LabMUD)|Win32
		Debug (LabMUD)|x86 = Debug (LabMUD)|x86
		Debug (MySQL)|Any CPU = Debug (MySQL)|Any CPU
		Debug (MySQL)|Mixed Platforms = Debug (MySQL)|Mixed Platforms
		Debug (MySQL)|Win32 = Debug (MySQL)|Win32
		Debug (MySQL)|x86 = Debug (MySQL)|x86
		Debug|Any CPU = Debug|Any CPU
		Debug|Mixed Platforms = Debug|Mixed Platforms
		Debug|Win32 = Debug|Win32
		Debug|x86 = Debug|x86
		Release|Any CPU = Release|Any CPU
		Release|Mixed Platforms = Release|Mixed Platforms
		Release|Win32 = Release|Win32
		Release|x86 = Release|x86
	EndGlobalSection
	GlobalSection(ProjectConfigurationPlatforms) = postSolution
		{5C727653-AE8C-468A-AFED-99E2CA615B31}.Debug (LabMUD)|Any CPU.ActiveCfg = Debug|Any CPU
		{5C727653-AE8C-468A-AFED-99E2CA615B31}.Debug (LabMUD)|Any CPU.Build.0 = Debug|Any CPU
		{5C727653-AE8C-468A-AFED-99E2CA615B31}.Debug (LabMUD)|Mixed Platforms.ActiveCfg = Debug|Any CPU
		{5C727653-AE8C-468A-AFED-99E2CA615B31}.Debug (LabMUD)|Mixed Platforms.Build.0 = Debug|Any CPU
		{5C727653-AE8C-468A-AFED-99E2CA615B31}.Debug (LabMUD)|Win32.ActiveCfg = Debug|Any CPU
		{5C727653-AE8C-468A-AFED-99E2CA615B31}.Debug (LabMUD)|Win32.Build.0 = Debug|Any CPU
		{5C727653-AE8C-468A-AFED-99E2CA615B31}.Debug (LabMUD)|x86.ActiveCfg = Debug|Any CPU
		{5C727653-AE8C-468A-AFED-99E2CA615B31}.Debug (LabMUD)|x86.Build.0 = Debug|Any CPU
		{5C727653-AE8C-468A-AFED-99E2CA615B31}.Debug (MySQL)|Any CPU.ActiveCfg = Debug|Any CPU
		{5C727653-AE8C-468A-AFED-99E2CA615B31}.Debug (MySQL)|Any CPU.Build.0 = Debug|Any CPU
		{5C727653-AE8C-468A-AFED-99E2CA615B31}.Debug (MySQL)|Mixed Platforms.ActiveCfg = Debug|Any CPU
		{5C727653-AE8C-468A-AFED-99E2CA615B31}.Debug (MySQL)|Mixed Platforms.Build.0 = Debug|Any CPU
		{5C727653-AE8C-468A-AFED-99E2CA615B31}.Debug (MySQL)|Win32.ActiveCfg = Debug|Any CPU
		{5C727653-AE8C-468A-AFED-99E2CA615B31}.Debug (MySQL)|Win32.Build.0 = Debug|Any CPU
		{5C727653-AE8C-468A-AFED-99E2CA615B31}.Debug (MySQL)|x86.ActiveCfg = Debug|Any CPU
		{5C727653-AE8C-468A-AFED-99E2CA615B31}.Debug (MySQL)|x86.Build.0 = Debug|Any CPU
		{5C727653-AE8C-468A-AFED-99E2CA615B31}.Debug|Any CPU.ActiveCfg = Debug|Any CPU
		{5C727653-AE8C-468A-AFED-99E2CA615B31}.Debug|Any CPU.Build.0 = Debug|Any CPU
		{5C727653-AE8C-468A-AFED-99E2CA615B31}.Debug|Mixed Platforms.ActiveCfg = Debug|Any CPU
		{5C727653-AE8C-468A-AFED-99E2CA615B31}.Debug|Mixed Platforms.Build.0 = Debug|Any CPU
		{5C727653-AE8C-468A-AFED-99E2CA615B31}.Debug|Win32.ActiveCfg = Debug|Any CPU
		{5C727653-AE8C-468A-AFED-99E2CA615B31}.Debug|Win32.Build.0 = Debug|Any CPU
		{5C727653-AE8C-468A-AFED-99E2CA615B31}.Debug|x86.ActiveCfg = Debug|Any CPU
		{5C727653-AE8C-468A-AFED-99E2CA615B31}.Debug|x86.Build.0 = Debug|Any CPU
		{5C727653-AE8C-468A-AFED-99E2CA615B31}.Release|Any CPU.ActiveCfg = Release|Any CPU
		{5C727653-AE8C-468A-AFED-99E2CA615B31}.Release|Any CPU.Build.0 = Release|Any CPU
		{5C727653-AE8C-468A-AFED-99E2CA615B31}.Release|Mixed Platforms.ActiveCfg = Release|Any CPU
		{5C727653-AE8C-468A-AFED-99E2CA615B31}.Release|Mixed Platforms.Build.0 = Release|Any CPU
		{5C727653-AE8C-468A-AFED-99E2CA615B31}.Release|Win32.ActiveCfg = Release|Any CPU
		{5C727653-AE8C-468A-AFED-99E2CA615B31}.Release|Win32.Build.0 = Release|Any CPU
		{5C727653-AE8C-468A-AFED-99E2CA615B31}.Release|x86.ActiveCfg = Release|Any CPU
		{5C727653-AE8C-468A-AFED-99E2CA615B31}.Release|x86.Build.0 = Release|Any CPU
		{6CC81E07-F4B8-405A-854C-D460A89B18D5}.Debug (LabMUD)|Any CPU.ActiveCfg = Debug|Any CPU
		{6CC81E07-F4B8-405A-854C-D460A89B18D5}.Debug (LabMUD)|Any CPU.Build.0 = Debug|Any CPU
		{6CC81E07-F4B8-405A-854C-D460A89B18D5}.Debug (LabMUD)|Mixed Platforms.ActiveCfg = Debug|Any CPU
		{6CC81E07-F4B8-405A-854C-D460A89B18D5}.Debug (LabMUD)|Mixed Platforms.Build.0 = Debug|Any CPU
		{6CC81E07-F4B8-405A-854C-D460A89B18D5}.Debug (LabMUD)|Win32.ActiveCfg = Debug|Any CPU
		{6CC81E07-F4B8-405A-854C-D460A89B18D5}.Debug (LabMUD)|Win32.Build.0 = Debug|Any CPU
		{6CC81E07-F4B8-405A-854C-D460A89B18D5}.Debug (LabMUD)|x86.ActiveCfg = Debug|Any CPU
		{6CC81E07-F4B8-405A-854C-D460A89B18D5}.Debug (LabMUD)|x86.Build.0 = Debug|Any CPU
		{6CC81E07-F4B8-405A-854C-D460A89B18D5}.Debug (MySQL)|Any CPU.ActiveCfg = Debug|Any CPU
		{6CC81E07-F4B8-405A-854C-D460A89B18D5}.Debug (MySQL)|Any CPU.Build.0 = Debug|Any CPU
		{6CC81E07-F4B8-405A-854C-D460A89B18D5}.Debug (MySQL)|Mixed Platforms.ActiveCfg = Debug|Any CPU
		{6CC81E07-F4B8-405A-854C-D460A89B18D5}.Debug (MySQL)|Mixed Platforms.Build.0 = Debug|Any CPU
		{6CC81E07-F4B8-405A-854C-D460A89B18D5}.Debug (MySQL)|Win32.ActiveCfg = Debug|Any CPU
		{6CC81E07-F4B8-405A-854C-D460A89B18D5}.Debug (MySQL)|Win32.Build.0 = Debug|Any CPU
		{6CC81E07-F4B8-405A-854C-D460A89B18D5}.Debug (MySQL)|x86.ActiveCfg = Debug|Any CPU
		{6CC81E07-F4B8-405A-854C-D460A89B18D5}.Debug (MySQL)|x86.Build.0 = Debug|Any CPU
		{6CC81E07-F4B8-405A-854C-D460A89B18D5}.Debug|Any CPU.ActiveCfg = Debug|Any CPU
		{6CC81E07-F4B8-405A-854C-D460A89B18D5}.Debug|Any CPU.Build.0 = Debug|Any CPU
		{6CC81E07-F4B8-405A-854C-D460A89B18D5}.Debug|Mixed Platforms.ActiveCfg = Debug|Any CPU
		{6CC81E07-F4B8-405A-854C-D460A89B18D5}.Debug|Mixed Platforms.Build.0 = Debug|Any CPU
		{6CC81E07-F4B8-405A-854C-D460A89B18D5}.Debug|Win32.ActiveCfg = Debug|Any CPU
		{6CC81E07-F4B8-405A-854C-D460A89B18D5}.Debug|Win32.Build.0 = Debug|Any CPU
		{6CC81E07-F4B8-405A-854C-D460A89B18D5}.Debug|x86.ActiveCfg = Debug|Any CPU
		{6CC81E07-F4B8-405A-854C-D460A89B18D5}.Debug|x86.Build.0 = Debug|Any CPU
		{6CC81E07-F4B8-405A-854C-D460A89B18D5}.Release|Any CPU.ActiveCfg = Release|Any CPU
		{6CC81E07-F4B8-405A-854C-D460A89B18D5}.Release|Any CPU.Build.0 = Release|Any CPU
		{6CC81E07-F4B8-405A-854C-D460A89B18D5}.Release|Mixed Platforms.ActiveCfg = Release|Any CPU
		{6CC81E07-F4B8-405A-854C-D460A89B18D5}.Release|Mixed Platforms.Build.0 = Release|Any CPU
		{6CC81E07-F4B8-405A-854C-D460A89B18D5}.Release|Win32.ActiveCfg = Release|Any CPU
		{6CC81E07-F4B8-405A-854C-D460A89B18D5}.Release|Win32.Build.0 = Release|Any CPU
		{6CC81E07-F4B8-405A-854C-D460A89B18D5}.Release|x86.ActiveCfg = Release|Any CPU
		{6CC81E07-F4B8-405A-854C-D460A89B18D5}.Release|x86.Build.0 = Release|Any CPU
		{9C705585-68F4-478E-AA12-EE8AE5D6AC3A}.Debug (LabMUD)|Any CPU.ActiveCfg = Debug|Any CPU
		{9C705585-68F4-478E-AA12-EE8AE5D6AC3A}.Debug (LabMUD)|Any CPU.Build.0 = Debug|Any CPU
		{9C705585-68F4-478E-AA12-EE8AE5D6AC3A}.Debug (LabMUD)|Mixed Platforms.ActiveCfg = Debug|Any CPU
		{9C705585-68F4-478E-AA12-EE8AE5D6AC3A}.Debug (LabMUD)|Mixed Platforms.Build.0 = Debug|Any CPU
		{9C705585-68F4-478E-AA12-EE8AE5D6AC3A}.Debug (LabMUD)|Win32.ActiveCfg = Debug|Any CPU
		{9C705585-68F4-478E-AA12-EE8AE5D6AC3A}.Debug (LabMUD)|Win32.Build.0 = Debug|Any CPU
		{9C705585-68F4-478E-AA12-EE8AE5D6AC3A}.Debug (LabMUD)|x86.ActiveCfg = Debug|Any CPU
		{9C705585-68F4-478E-AA12-EE8AE5D6AC3A}.Debug (LabMUD)|x86.Build.0 = Debug|Any CPU
		{9C705585-68F4-478E-AA12-EE8AE5D6AC3A}.Debug (MySQL)|Any CPU.ActiveCfg = Debug|Any CPU
		{9C705585-68F4-478E-AA12-EE8AE5D6AC3A}.Debug (MySQL)|Any CPU.Build.0 = Debug|Any CPU
		{9C705585-68F4-478E-AA12-EE8AE5D6AC3A}.Debug (MySQL)|Mixed Platforms.ActiveCfg = Debug|Any CPU
		{9C705585-68F4-478E-AA12-EE8AE5D6AC3A}.Debug (MySQL)|Mixed Platforms.Build.0 = Debug|Any CPU
		{9C705585-68F4-478E-AA12-EE8AE5D6AC3A}.Debug (MySQL)|Win32.ActiveCfg = Debug|Any CPU
		{9C705585-68F4-478E-AA12-EE8AE5D6AC3A}.Debug (MySQL)|Win32.Build.0 = Debug|Any CPU
		{9C705585-68F4-478E-AA12-EE8AE5D6AC3A}.Debug (MySQL)|x86.ActiveCfg = Debug|Any CPU
		{9C705585-68F4-478E-AA12-EE8AE5D6AC3A}.Debug (MySQL)|x86.Build.0 = Debug|Any CPU
		{9C705585-68F4-478E-AA12-EE8AE5D6AC3A}.Debug|Any CPU.ActiveCfg = Debug|Any CPU
		{9C705585-68F4-478E-AA12-EE8AE5D6AC3A}.Debug|Any CPU.Build.0 = Debug|Any CPU
		{9C705585-68F4-478E-AA12-EE8AE5D6AC3A}.Debug|Mixed Platforms.ActiveCfg = Debug|Any CPU
		{9C705585-68F4-478E-AA12-EE8AE5D6AC3A}.Debug|Mixed Platforms.Build.0 = Debug|Any CPU
		{9C705585-68F4-478E-AA12-EE8AE5D6AC3A}.Debug|Win32.ActiveCfg = Debug|Any CPU
		{9C705585-68F4-478E-AA12-EE8AE5D6AC3A}.Debug|Win32.Build.0 = Debug|Any CPU
		{9C705585-68F4-478E-AA12-EE8AE5D6AC3A}.Debug|x86.ActiveCfg = Debug|Any CPU
		{9C705585-68F4-478E-AA12-EE8AE5D6AC3A}.Debug|x86.Build.0 = Debug|Any CPU
		{9C705585-68F4-478E-AA12-EE8AE5D6AC3A}.Release|Any CPU.ActiveCfg = Release|Any CPU
		{9C705585-68F4-478E-AA12-EE8AE5D6AC3A}.Release|Any CPU.Build.0 = Release|Any CPU
		{9C705585-68F4-478E-AA12-EE8AE5D6AC3A}.Release|Mixed Platforms.ActiveCfg = Release|Any CPU
		{9C705585-68F4-478E-AA12-EE8AE5D6AC3A}.Release|Mixed Platforms.Build.0 = Release|Any CPU
		{9C705585-68F4-478E-AA12-EE8AE5D6AC3A}.Release|Win32.ActiveCfg = Release|Any CPU
		{9C705585-68F4-478E-AA12-EE8AE5D6AC3A}.Release|Win32.Build.0 = Release|Any CPU
		{9C705585-68F4-478E-AA12-EE8AE5D6AC3A}.Release|x86.ActiveCfg = Release|Any CPU
		{9C705585-68F4-478E-AA12-EE8AE5D6AC3A}.Release|x86.Build.0 = Release|Any CPU
		{9DA9C0B0-9B5C-451F-AE0E-EDBE4B9DADEF}.Debug (LabMUD)|Any CPU.ActiveCfg = Debug|Any CPU
		{9DA9C0B0-9B5C-451F-AE0E-EDBE4B9DADEF}.Debug (LabMUD)|Any CPU.Build.0 = Debug|Any CPU
		{9DA9C0B0-9B5C-451F-AE0E-EDBE4B9DADEF}.Debug (LabMUD)|Mixed Platforms.ActiveCfg = Debug|Any CPU
		{9DA9C0B0-9B5C-451F-AE0E-EDBE4B9DADEF}.Debug (LabMUD)|Mixed Platforms.Build.0 = Debug|Any CPU
		{9DA9C0B0-9B5C-451F-AE0E-EDBE4B9DADEF}.Debug (LabMUD)|Win32.ActiveCfg = Debug|Any CPU
		{9DA9C0B0-9B5C-451F-AE0E-EDBE4B9DADEF}.Debug (LabMUD)|Win32.Build.0 = Debug|Any CPU
		{9DA9C0B0-9B5C-451F-AE0E-EDBE4B9DADEF}.Debug (LabMUD)|x86.ActiveCfg = Debug|Any CPU
		{9DA9C0B0-9B5C-451F-AE0E-EDBE4B9DADEF}.Debug (LabMUD)|x86.Build.0 = Debug|Any CPU
		{9DA9C0B0-9B5C-451F-AE0E-EDBE4B9DADEF}.Debug (MySQL)|Any CPU.ActiveCfg = Debug|Any CPU
		{9DA9C0B0-9B5C-451F-AE0E-EDBE4B9DADEF}.Debug (MySQL)|Any CPU.Build.0 = Debug|Any CPU
		{9DA9C0B0-9B5C-451F-AE0E-EDBE4B9DADEF}.Debug (MySQL)|Mixed Platforms.ActiveCfg = Debug|Any CPU
		{9DA9C0B0-9B5C-451F-AE0E-EDBE4B9DADEF}.Debug (MySQL)|Mixed Platforms.Build.0 = Debug|Any CPU
		{9DA9C0B0-9B5C-451F-AE0E-EDBE4B9DADEF}.Debug (MySQL)|Win32.ActiveCfg = Debug|Any CPU
		{9DA9C0B0-9B5C-451F-AE0E-EDBE4B9DADEF}.Debug (MySQL)|Win32.Build.0 = Debug|Any CPU
		{9DA9C0B0-9B5C-451F-AE0E-EDBE4B9DADEF}.Debug (MySQL)|x86.ActiveCfg = Debug|Any CPU
		{9DA9C0B0-9B5C-451F-AE0E-EDBE4B9DADEF}.Debug (MySQL)|x86.Build.0 = Debug|Any CPU
		{9DA9C0B0-9B5C-451F-AE0E-EDBE4B9DADEF}.Debug|Any CPU.ActiveCfg = Debug|Any CPU
		{9DA9C0B0-9B5C-451F-AE0E-EDBE4B9DADEF}.Debug|Any CPU.Build.0 = Debug|Any CPU
		{9DA9C0B0-9B5C-451F-AE0E-EDBE4B9DADEF}.Debug|Mixed Platforms.ActiveCfg = Debug|Any CPU
		{9DA9C0B0-9B5C-451F-AE0E-EDBE4B9DADEF}.Debug|Mixed Platforms.Build.0 = Debug|Any CPU
		{9DA9C0B0-9B5C-451F-AE0E-EDBE4B9DADEF}.Debug|Win32.ActiveCfg = Debug|Any CPU
		{9DA9C0B0-9B5C-451F-AE0E-EDBE4B9DADEF}.Debug|Win32.Build.0 = Debug|Any CPU
		{9DA9C0B0-9B5C-451F-AE0E-EDBE4B9DADEF}.Debug|x86.ActiveCfg = Debug|Any CPU
		{9DA9C0B0-9B5C-451F-AE0E-EDBE4B9DADEF}.Debug|x86.Build.0 = Debug|Any CPU
		{9DA9C0B0-9B5C-451F-AE0E-EDBE4B9DADEF}.Release|Any CPU.ActiveCfg = Release|Any CPU
		{9DA9C0B0-9B5C-451F-AE0E-EDBE4B9DADEF}.Release|Any CPU.Build.0 = Release|Any CPU
		{9DA9C0B0-9B5C-451F-AE0E-EDBE4B9DADEF}.Release|Mixed Platforms.ActiveCfg = Release|Any CPU
		{9DA9C0B0-9B5C-451F-AE0E-EDBE4B9DADEF}.Release|Mixed Platforms.Build.0 = Release|Any CPU
		{9DA9C0B0-9B5C-451F-AE0E-EDBE4B9DADEF}.Release|Win32.ActiveCfg = Release|Any CPU
		{9DA9C0B0-9B5C-451F-AE0E-EDBE4B9DADEF}.Release|Win32.Build.0 = Release|Any CPU
		{9DA9C0B0-9B5C-451F-AE0E-EDBE4B9DADEF}.Release|x86.ActiveCfg = Release|Any CPU
		{9DA9C0B0-9B5C-451F-AE0E-EDBE4B9DADEF}.Release|x86.Build.0 = Release|Any CPU
		{1F44C1C9-9054-4D67-BDA1-06C179C3E943}.Debug (LabMUD)|Any CPU.ActiveCfg = Debug|Any CPU
		{1F44C1C9-9054-4D67-BDA1-06C179C3E943}.Debug (LabMUD)|Any CPU.Build.0 = Debug|Any CPU
		{1F44C1C9-9054-4D67-BDA1-06C179C3E943}.Debug (LabMUD)|Mixed Platforms.ActiveCfg = Debug|Any CPU
		{1F44C1C9-9054-4D67-BDA1-06C179C3E943}.Debug (LabMUD)|Mixed Platforms.Build.0 = Debug|Any CPU
		{1F44C1C9-9054-4D67-BDA1-06C179C3E943}.Debug (LabMUD)|Win32.ActiveCfg = Debug|Any CPU
		{1F44C1C9-9054-4D67-BDA1-06C179C3E943}.Debug (LabMUD)|Win32.Build.0 = Debug|Any CPU
		{1F44C1C9-9054-4D67-BDA1-06C179C3E943}.Debug (LabMUD)|x86.ActiveCfg = Debug|Any CPU
		{1F44C1C9-9054-4D67-BDA1-06C179C3E943}.Debug (LabMUD)|x86.Build.0 = Debug|Any CPU
		{1F44C1C9-9054-4D67-BDA1-06C179C3E943}.Debug (MySQL)|Any CPU.ActiveCfg = Debug|Any CPU
		{1F44C1C9-9054-4D67-BDA1-06C179C3E943}.Debug (MySQL)|Any CPU.Build.0 = Debug|Any CPU
		{1F44C1C9-9054-4D67-BDA1-06C179C3E943}.Debug (MySQL)|Mixed Platforms.ActiveCfg = Debug|Any CPU
		{1F44C1C9-9054-4D67-BDA1-06C179C3E943}.Debug (MySQL)|Mixed Platforms.Build.0 = Debug|Any CPU
		{1F44C1C9-9054-4D67-BDA1-06C179C3E943}.Debug (MySQL)|Win32.ActiveCfg = Debug|Any CPU
		{1F44C1C9-9054-4D67-BDA1-06C179C3E943}.Debug (MySQL)|Win32.Build.0 = Debug|Any CPU
		{1F44C1C9-9054-4D67-BDA1-06C179C3E943}.Debug (MySQL)|x86.ActiveCfg = Debug|Any CPU
		{1F44C1C9-9054-4D67-BDA1-06C179C3E943}.Debug (MySQL)|x86.Build.0 = Debug|Any CPU
		{1F44C1C9-9054-4D67-BDA1-06C179C3E943}.Debug|Any CPU.ActiveCfg = Debug|Any CPU
		{1F44C1C9-9054-4D67-BDA1-06C179C3E943}.Debug|Any CPU.Build.0 = Debug|Any CPU
		{1F44C1C9-9054-4D67-BDA1-06C179C3E943}.Debug|Mixed Platforms.ActiveCfg = Debug|Any CPU
		{1F44C1C9-9054-4D67-BDA1-06C179C3E943}.Debug|Mixed Platforms.Build.0 = Debug|Any CPU
		{1F44C1C9-9054-4D67-BDA1-06C179C3E943}.Debug|Win32.ActiveCfg = Debug|Any CPU
		{1F44C1C9-9054-4D67-BDA1-06C179C3E943}.Debug|Win32.Build.0 = Debug|Any CPU
		{1F44C1C9-9054-4D67-BDA1-06C179C3E943}.Debug|x86.ActiveCfg = Debug|Any CPU
		{1F44C1C9-9054-4D67-BDA1-06C179C3E943}.Debug|x86.Build.0 = Debug|Any CPU
		{1F44C1C9-9054-4D67-BDA1-06C179C3E943}.Release|Any CPU.ActiveCfg = Release|Any CPU
		{1F44C1C9-9054-4D67-BDA1-06C179C3E943}.Release|Any CPU.Build.0 = Release|Any CPU
		{1F44C1C9-9054-4D67-BDA1-06C179C3E943}.Release|Mixed Platforms.ActiveCfg = Release|Any CPU
		{1F44C1C9-9054-4D67-BDA1-06C179C3E943}.Release|Mixed Platforms.Build.0 = Release|Any CPU
		{1F44C1C9-9054-4D67-BDA1-06C179C3E943}.Release|Win32.ActiveCfg = Release|Any CPU
		{1F44C1C9-9054-4D67-BDA1-06C179C3E943}.Release|Win32.Build.0 = Release|Any CPU
		{1F44C1C9-9054-4D67-BDA1-06C179C3E943}.Release|x86.ActiveCfg = Release|Any CPU
		{1F44C1C9-9054-4D67-BDA1-06C179C3E943}.Release|x86.Build.0 = Release|Any CPU
		{AB0A3556-1C95-4FEB-9B88-F53D0A0EF0AE}.Debug (LabMUD)|Any CPU.ActiveCfg = Debug|Any CPU
		{AB0A3556-1C95-4FEB-9B88-F53D0A0EF0AE}.Debug (LabMUD)|Any CPU.Build.0 = Debug|Any CPU
		{AB0A3556-1C95-4FEB-9B88-F53D0A0EF0AE}.Debug (LabMUD)|Mixed Platforms.ActiveCfg = Debug|Any CPU
		{AB0A3556-1C95-4FEB-9B88-F53D0A0EF0AE}.Debug (LabMUD)|Mixed Platforms.Build.0 = Debug|Any CPU
		{AB0A3556-1C95-4FEB-9B88-F53D0A0EF0AE}.Debug (LabMUD)|Win32.ActiveCfg = Debug|Any CPU
		{AB0A3556-1C95-4FEB-9B88-F53D0A0EF0AE}.Debug (LabMUD)|Win32.Build.0 = Debug|Any CPU
		{AB0A3556-1C95-4FEB-9B88-F53D0A0EF0AE}.Debug (LabMUD)|x86.ActiveCfg = Debug|Any CPU
		{AB0A3556-1C95-4FEB-9B88-F53D0A0EF0AE}.Debug (LabMUD)|x86.Build.0 = Debug|Any CPU
		{AB0A3556-1C95-4FEB-9B88-F53D0A0EF0AE}.Debug (MySQL)|Any CPU.ActiveCfg = Debug|Any CPU
		{AB0A3556-1C95-4FEB-9B88-F53D0A0EF0AE}.Debug (MySQL)|Any CPU.Build.0 = Debug|Any CPU
		{AB0A3556-1C95-4FEB-9B88-F53D0A0EF0AE}.Debug (MySQL)|Mixed Platforms.ActiveCfg = Debug|Any CPU
		{AB0A3556-1C95-4FEB-9B88-F53D0A0EF0AE}.Debug (MySQL)|Mixed Platforms.Build.0 = Debug|Any CPU
		{AB0A3556-1C95-4FEB-9B88-F53D0A0EF0AE}.Debug (MySQL)|Win32.ActiveCfg = Debug|Any CPU
		{AB0A3556-1C95-4FEB-9B88-F53D0A0EF0AE}.Debug (MySQL)|Win32.Build.0 = Debug|Any CPU
		{AB0A3556-1C95-4FEB-9B88-F53D0A0EF0AE}.Debug (MySQL)|x86.ActiveCfg = Debug|Any CPU
		{AB0A3556-1C95-4FEB-9B88-F53D0A0EF0AE}.Debug (MySQL)|x86.Build.0 = Debug|Any CPU
		{AB0A3556-1C95-4FEB-9B88-F53D0A0EF0AE}.Debug|Any CPU.ActiveCfg = Debug|Any CPU
		{AB0A3556-1C95-4FEB-9B88-F53D0A0EF0AE}.Debug|Any CPU.Build.0 = Debug|Any CPU
		{AB0A3556-1C95-4FEB-9B88-F53D0A0EF0AE}.Debug|Mixed Platforms.ActiveCfg = Debug|Any CPU
		{AB0A3556-1C95-4FEB-9B88-F53D0A0EF0AE}.Debug|Mixed Platforms.Build.0 = Debug|Any CPU
		{AB0A3556-1C95-4FEB-9B88-F53D0A0EF0AE}.Debug|Win32.ActiveCfg = Debug|Any CPU
		{AB0A3556-1C95-4FEB-9B88-F53D0A0EF0AE}.Debug|Win32.Build.0 = Debug|Any CPU
		{AB0A3556-1C95-4FEB-9B88-F53D0A0EF0AE}.Debug|x86.ActiveCfg = Debug|Any CPU
		{AB0A3556-1C95-4FEB-9B88-F53D0A0EF0AE}.Debug|x86.Build.0 = Debug|Any CPU
		{AB0A3556-1C95-4FEB-9B88-F53D0A0EF0AE}.Release|Any CPU.ActiveCfg = Release|Any CPU
		{AB0A3556-1C95-4FEB-9B88-F53D0A0EF0AE}.Release|Any CPU.Build.0 = Release|Any CPU
		{AB0A3556-1C95-4FEB-9B88-F53D0A0EF0AE}.Release|Mixed Platforms.ActiveCfg = Release|Any CPU
		{AB0A3556-1C95-4FEB-9B88-F53D0A0EF0AE}.Release|Mixed Platforms.Build.0 = Release|Any CPU
		{AB0A3556-1C95-4FEB-9B88-F53D0A0EF0AE}.Release|Win32.ActiveCfg = Release|Any CPU
		{AB0A3556-1C95-4FEB-9B88-F53D0A0EF0AE}.Release|Win32.Build.0 = Release|Any CPU
		{AB0A3556-1C95-4FEB-9B88-F53D0A0EF0AE}.Release|x86.ActiveCfg = Release|Any CPU
		{AB0A3556-1C95-4FEB-9B88-F53D0A0EF0AE}.Release|x86.Build.0 = Release|Any CPU
		{2B63F3A3-DC55-47DD-BC28-AF8837F07107}.Debug (LabMUD)|Any CPU.ActiveCfg = Debug|Any CPU
		{2B63F3A3-DC55-47DD-BC28-AF8837F07107}.Debug (LabMUD)|Any CPU.Build.0 = Debug|Any CPU
		{2B63F3A3-DC55-47DD-BC28-AF8837F07107}.Debug (LabMUD)|Mixed Platforms.ActiveCfg = Debug|Any CPU
		{2B63F3A3-DC55-47DD-BC28-AF8837F07107}.Debug (LabMUD)|Mixed Platforms.Build.0 = Debug|Any CPU
		{2B63F3A3-DC55-47DD-BC28-AF8837F07107}.Debug (LabMUD)|Win32.ActiveCfg = Debug|Any CPU
		{2B63F3A3-DC55-47DD-BC28-AF8837F07107}.Debug (LabMUD)|Win32.Build.0 = Debug|Any CPU
		{2B63F3A3-DC55-47DD-BC28-AF8837F07107}.Debug (LabMUD)|x86.ActiveCfg = Debug|Any CPU
		{2B63F3A3-DC55-47DD-BC28-AF8837F07107}.Debug (LabMUD)|x86.Build.0 = Debug|Any CPU
		{2B63F3A3-DC55-47DD-BC28-AF8837F07107}.Debug (MySQL)|Any CPU.ActiveCfg = Debug|Any CPU
		{2B63F3A3-DC55-47DD-BC28-AF8837F07107}.Debug (MySQL)|Any CPU.Build.0 = Debug|Any CPU
		{2B63F3A3-DC55-47DD-BC28-AF8837F07107}.Debug (MySQL)|Mixed Platforms.ActiveCfg = Debug|Any CPU
		{2B63F3A3-DC55-47DD-BC28-AF8837F07107}.Debug (MySQL)|Mixed Platforms.Build.0 = Debug|Any CPU
		{2B63F3A3-DC55-47DD-BC28-AF8837F07107}.Debug (MySQL)|Win32.ActiveCfg = Debug|Any CPU
		{2B63F3A3-DC55-47DD-BC28-AF8837F07107}.Debug (MySQL)|Win32.Build.0 = Debug|Any CPU
		{2B63F3A3-DC55-47DD-BC28-AF8837F07107}.Debug (MySQL)|x86.ActiveCfg = Debug|Any CPU
		{2B63F3A3-DC55-47DD-BC28-AF8837F07107}.Debug (MySQL)|x86.Build.0 = Debug|Any CPU
		{2B63F3A3-DC55-47DD-BC28-AF8837F07107}.Debug|Any CPU.ActiveCfg = Debug|Any CPU
		{2B63F3A3-DC55-47DD-BC28-AF8837F07107}.Debug|Any CPU.Build.0 = Debug|Any CPU
		{2B63F3A3-DC55-47DD-BC28-AF8837F07107}.Debug|Mixed Platforms.ActiveCfg = Debug|Any CPU
		{2B63F3A3-DC55-47DD-BC28-AF8837F07107}.Debug|Mixed Platforms.Build.0 = Debug|Any CPU
		{2B63F3A3-DC55-47DD-BC28-AF8837F07107}.Debug|Win32.ActiveCfg = Debug|Any CPU
		{2B63F3A3-DC55-47DD-BC28-AF8837F07107}.Debug|Win32.Build.0 = Debug|Any CPU
		{2B63F3A3-DC55-47DD-BC28-AF8837F07107}.Debug|x86.ActiveCfg = Debug|Any CPU
		{2B63F3A3-DC55-47DD-BC28-AF8837F07107}.Debug|x86.Build.0 = Debug|Any CPU
		{2B63F3A3-DC55-47DD-BC28-AF8837F07107}.Release|Any CPU.ActiveCfg = Release|Any CPU
		{2B63F3A3-DC55-47DD-BC28-AF8837F07107}.Release|Any CPU.Build.0 = Release|Any CPU
		{2B63F3A3-DC55-47DD-BC28-AF8837F07107}.Release|Mixed Platforms.ActiveCfg = Release|Any CPU
		{2B63F3A3-DC55-47DD-BC28-AF8837F07107}.Release|Mixed Platforms.Build.0 = Release|Any CPU
		{2B63F3A3-DC55-47DD-BC28-AF8837F07107}.Release|Win32.ActiveCfg = Release|Any CPU
		{2B63F3A3-DC55-47DD-BC28-AF8837F07107}.Release|Win32.Build.0 = Release|Any CPU
		{2B63F3A3-DC55-47DD-BC28-AF8837F07107}.Release|x86.ActiveCfg = Release|Any CPU
		{2B63F3A3-DC55-47DD-BC28-AF8837F07107}.Release|x86.Build.0 = Release|Any CPU
		{9E727C55-2627-41ED-9FE0-36186E95F454}.Debug (LabMUD)|Any CPU.ActiveCfg = Debug|Any CPU
		{9E727C55-2627-41ED-9FE0-36186E95F454}.Debug (LabMUD)|Any CPU.Build.0 = Debug|Any CPU
		{9E727C55-2627-41ED-9FE0-36186E95F454}.Debug (LabMUD)|Mixed Platforms.ActiveCfg = Debug|Any CPU
		{9E727C55-2627-41ED-9FE0-36186E95F454}.Debug (LabMUD)|Mixed Platforms.Build.0 = Debug|Any CPU
		{9E727C55-2627-41ED-9FE0-36186E95F454}.Debug (LabMUD)|Win32.ActiveCfg = Debug|Any CPU
		{9E727C55-2627-41ED-9FE0-36186E95F454}.Debug (LabMUD)|Win32.Build.0 = Debug|Any CPU
		{9E727C55-2627-41ED-9FE0-36186E95F454}.Debug (LabMUD)|x86.ActiveCfg = Debug|Any CPU
		{9E727C55-2627-41ED-9FE0-36186E95F454}.Debug (LabMUD)|x86.Build.0 = Debug|Any CPU
		{9E727C55-2627-41ED-9FE0-36186E95F454}.Debug (MySQL)|Any CPU.ActiveCfg = Debug|Any CPU
		{9E727C55-2627-41ED-9FE0-36186E95F454}.Debug (MySQL)|Any CPU.Build.0 = Debug|Any CPU
		{9E727C55-2627-41ED-9FE0-36186E95F454}.Debug (MySQL)|Mixed Platforms.ActiveCfg = Debug|Any CPU
		{9E727C55-2627-41ED-9FE0-36186E95F454}.Debug (MySQL)|Mixed Platforms.Build.0 = Debug|Any CPU
		{9E727C55-2627-41ED-9FE0-36186E95F454}.Debug (MySQL)|Win32.ActiveCfg = Debug|Any CPU
		{9E727C55-2627-41ED-9FE0-36186E95F454}.Debug (MySQL)|Win32.Build.0 = Debug|Any CPU
		{9E727C55-2627-41ED-9FE0-36186E95F454}.Debug (MySQL)|x86.ActiveCfg = Debug|Any CPU
		{9E727C55-2627-41ED-9FE0-36186E95F454}.Debug (MySQL)|x86.Build.0 = Debug|Any CPU
		{9E727C55-2627-41ED-9FE0-36186E95F454}.Debug|Any CPU.ActiveCfg = Debug|Any CPU
		{9E727C55-2627-41ED-9FE0-36186E95F454}.Debug|Any CPU.Build.0 = Debug|Any CPU
		{9E727C55-2627-41ED-9FE0-36186E95F454}.Debug|Mixed Platforms.ActiveCfg = Debug|Any CPU
		{9E727C55-2627-41ED-9FE0-36186E95F454}.Debug|Mixed Platforms.Build.0 = Debug|Any CPU
		{9E727C55-2627-41ED-9FE0-36186E95F454}.Debug|Win32.ActiveCfg = Debug|Any CPU
		{9E727C55-2627-41ED-9FE0-36186E95F454}.Debug|Win32.Build.0 = Debug|Any CPU
		{9E727C55-2627-41ED-9FE0-36186E95F454}.Debug|x86.ActiveCfg = Debug|Any CPU
		{9E727C55-2627-41ED-9FE0-36186E95F454}.Debug|x86.Build.0 = Debug|Any CPU
		{9E727C55-2627-41ED-9FE0-36186E95F454}.Release|Any CPU.ActiveCfg = Release|Any CPU
		{9E727C55-2627-41ED-9FE0-36186E95F454}.Release|Any CPU.Build.0 = Release|Any CPU
		{9E727C55-2627-41ED-9FE0-36186E95F454}.Release|Mixed Platforms.ActiveCfg = Release|Any CPU
		{9E727C55-2627-41ED-9FE0-36186E95F454}.Release|Mixed Platforms.Build.0 = Release|Any CPU
		{9E727C55-2627-41ED-9FE0-36186E95F454}.Release|Win32.ActiveCfg = Release|Any CPU
		{9E727C55-2627-41ED-9FE0-36186E95F454}.Release|Win32.Build.0 = Release|Any CPU
		{9E727C55-2627-41ED-9FE0-36186E95F454}.Release|x86.ActiveCfg = Release|Any CPU
		{9E727C55-2627-41ED-9FE0-36186E95F454}.Release|x86.Build.0 = Release|Any CPU
		{2DD7C1C9-1632-486C-814C-0AFFA285DA0A}.Debug (LabMUD)|Any CPU.ActiveCfg = Debug|Any CPU
		{2DD7C1C9-1632-486C-814C-0AFFA285DA0A}.Debug (LabMUD)|Any CPU.Build.0 = Debug|Any CPU
		{2DD7C1C9-1632-486C-814C-0AFFA285DA0A}.Debug (LabMUD)|Mixed Platforms.ActiveCfg = Debug|Any CPU
		{2DD7C1C9-1632-486C-814C-0AFFA285DA0A}.Debug (LabMUD)|Mixed Platforms.Build.0 = Debug|Any CPU
		{2DD7C1C9-1632-486C-814C-0AFFA285DA0A}.Debug (LabMUD)|Win32.ActiveCfg = Debug|Any CPU
		{2DD7C1C9-1632-486C-814C-0AFFA285DA0A}.Debug (LabMUD)|Win32.Build.0 = Debug|Any CPU
		{2DD7C1C9-1632-486C-814C-0AFFA285DA0A}.Debug (LabMUD)|x86.ActiveCfg = Debug|Any CPU
		{2DD7C1C9-1632-486C-814C-0AFFA285DA0A}.Debug (LabMUD)|x86.Build.0 = Debug|Any CPU
		{2DD7C1C9-1632-486C-814C-0AFFA285DA0A}.Debug (MySQL)|Any CPU.ActiveCfg = Debug|Any CPU
		{2DD7C1C9-1632-486C-814C-0AFFA285DA0A}.Debug (MySQL)|Any CPU.Build.0 = Debug|Any CPU
		{2DD7C1C9-1632-486C-814C-0AFFA285DA0A}.Debug (MySQL)|Mixed Platforms.ActiveCfg = Debug|Any CPU
		{2DD7C1C9-1632-486C-814C-0AFFA285DA0A}.Debug (MySQL)|Mixed Platforms.Build.0 = Debug|Any CPU
		{2DD7C1C9-1632-486C-814C-0AFFA285DA0A}.Debug (MySQL)|Win32.ActiveCfg = Debug|Any CPU
		{2DD7C1C9-1632-486C-814C-0AFFA285DA0A}.Debug (MySQL)|Win32.Build.0 = Debug|Any CPU
		{2DD7C1C9-1632-486C-814C-0AFFA285DA0A}.Debug (MySQL)|x86.ActiveCfg = Debug|Any CPU
		{2DD7C1C9-1632-486C-814C-0AFFA285DA0A}.Debug (MySQL)|x86.Build.0 = Debug|Any CPU
		{2DD7C1C9-1632-486C-814C-0AFFA285DA0A}.Debug|Any CPU.ActiveCfg = Debug|Any CPU
		{2DD7C1C9-1632-486C-814C-0AFFA285DA0A}.Debug|Any CPU.Build.0 = Debug|Any CPU
		{2DD7C1C9-1632-486C-814C-0AFFA285DA0A}.Debug|Mixed Platforms.ActiveCfg = Debug|Any CPU
		{2DD7C1C9-1632-486C-814C-0AFFA285DA0A}.Debug|Mixed Platforms.Build.0 = Debug|Any CPU
		{2DD7C1C9-1632-486C-814C-0AFFA285DA0A}.Debug|Win32.ActiveCfg = Debug|Any CPU
		{2DD7C1C9-1632-486C-814C-0AFFA285DA0A}.Debug|Win32.Build.0 = Debug|Any CPU
		{2DD7C1C9-1632-486C-814C-0AFFA285DA0A}.Debug|x86.ActiveCfg = Debug|Any CPU
		{2DD7C1C9-1632-486C-814C-0AFFA285DA0A}.Debug|x86.Build.0 = Debug|Any CPU
		{2DD7C1C9-1632-486C-814C-0AFFA285DA0A}.Release|Any CPU.ActiveCfg = Release|Any CPU
		{2DD7C1C9-1632-486C-814C-0AFFA285DA0A}.Release|Any CPU.Build.0 = Release|Any CPU
		{2DD7C1C9-1632-486C-814C-0AFFA285DA0A}.Release|Mixed Platforms.ActiveCfg = Release|Any CPU
		{2DD7C1C9-1632-486C-814C-0AFFA285DA0A}.Release|Mixed Platforms.Build.0 = Release|Any CPU
		{2DD7C1C9-1632-486C-814C-0AFFA285DA0A}.Release|Win32.ActiveCfg = Release|Any CPU
		{2DD7C1C9-1632-486C-814C-0AFFA285DA0A}.Release|Win32.Build.0 = Release|Any CPU
		{2DD7C1C9-1632-486C-814C-0AFFA285DA0A}.Release|x86.ActiveCfg = Release|Any CPU
		{2DD7C1C9-1632-486C-814C-0AFFA285DA0A}.Release|x86.Build.0 = Release|Any CPU
		{7CCC2E29-491D-42ED-ABDF-48386A7739CE}.Debug (LabMUD)|Any CPU.ActiveCfg = Debug|Any CPU
		{7CCC2E29-491D-42ED-ABDF-48386A7739CE}.Debug (LabMUD)|Any CPU.Build.0 = Debug|Any CPU
		{7CCC2E29-491D-42ED-ABDF-48386A7739CE}.Debug (LabMUD)|Mixed Platforms.ActiveCfg = Debug|Any CPU
		{7CCC2E29-491D-42ED-ABDF-48386A7739CE}.Debug (LabMUD)|Mixed Platforms.Build.0 = Debug|Any CPU
		{7CCC2E29-491D-42ED-ABDF-48386A7739CE}.Debug (LabMUD)|Win32.ActiveCfg = Debug|Any CPU
		{7CCC2E29-491D-42ED-ABDF-48386A7739CE}.Debug (LabMUD)|Win32.Build.0 = Debug|Any CPU
		{7CCC2E29-491D-42ED-ABDF-48386A7739CE}.Debug (LabMUD)|x86.ActiveCfg = Debug|Any CPU
		{7CCC2E29-491D-42ED-ABDF-48386A7739CE}.Debug (LabMUD)|x86.Build.0 = Debug|Any CPU
		{7CCC2E29-491D-42ED-ABDF-48386A7739CE}.Debug (MySQL)|Any CPU.ActiveCfg = Debug|Any CPU
		{7CCC2E29-491D-42ED-ABDF-48386A7739CE}.Debug (MySQL)|Any CPU.Build.0 = Debug|Any CPU
		{7CCC2E29-491D-42ED-ABDF-48386A7739CE}.Debug (MySQL)|Mixed Platforms.ActiveCfg = Debug|Any CPU
		{7CCC2E29-491D-42ED-ABDF-48386A7739CE}.Debug (MySQL)|Mixed Platforms.Build.0 = Debug|Any CPU
		{7CCC2E29-491D-42ED-ABDF-48386A7739CE}.Debug (MySQL)|Win32.ActiveCfg = Debug|Any CPU
		{7CCC2E29-491D-42ED-ABDF-48386A7739CE}.Debug (MySQL)|Win32.Build.0 = Debug|Any CPU
		{7CCC2E29-491D-42ED-ABDF-48386A7739CE}.Debug (MySQL)|x86.ActiveCfg = Debug|Any CPU
		{7CCC2E29-491D-42ED-ABDF-48386A7739CE}.Debug (MySQL)|x86.Build.0 = Debug|Any CPU
		{7CCC2E29-491D-42ED-ABDF-48386A7739CE}.Debug|Any CPU.ActiveCfg = Debug|Any CPU
		{7CCC2E29-491D-42ED-ABDF-48386A7739CE}.Debug|Any CPU.Build.0 = Debug|Any CPU
		{7CCC2E29-491D-42ED-ABDF-48386A7739CE}.Debug|Mixed Platforms.ActiveCfg = Debug|Any CPU
		{7CCC2E29-491D-42ED-ABDF-48386A7739CE}.Debug|Mixed Platforms.Build.0 = Debug|Any CPU
		{7CCC2E29-491D-42ED-ABDF-48386A7739CE}.Debug|Win32.ActiveCfg = Debug|Any CPU
		{7CCC2E29-491D-42ED-ABDF-48386A7739CE}.Debug|Win32.Build.0 = Debug|Any CPU
		{7CCC2E29-491D-42ED-ABDF-48386A7739CE}.Debug|x86.ActiveCfg = Debug|Any CPU
		{7CCC2E29-491D-42ED-ABDF-48386A7739CE}.Debug|x86.Build.0 = Debug|Any CPU
		{7CCC2E29-491D-42ED-ABDF-48386A7739CE}.Release|Any CPU.ActiveCfg = Release|Any CPU
		{7CCC2E29-491D-42ED-ABDF-48386A7739CE}.Release|Any CPU.Build.0 = Release|Any CPU
		{7CCC2E29-491D-42ED-ABDF-48386A7739CE}.Release|Mixed Platforms.ActiveCfg = Release|Any CPU
		{7CCC2E29-491D-42ED-ABDF-48386A7739CE}.Release|Mixed Platforms.Build.0 = Release|Any CPU
		{7CCC2E29-491D-42ED-ABDF-48386A7739CE}.Release|Win32.ActiveCfg = Release|Any CPU
		{7CCC2E29-491D-42ED-ABDF-48386A7739CE}.Release|Win32.Build.0 = Release|Any CPU
		{7CCC2E29-491D-42ED-ABDF-48386A7739CE}.Release|x86.ActiveCfg = Release|Any CPU
		{7CCC2E29-491D-42ED-ABDF-48386A7739CE}.Release|x86.Build.0 = Release|Any CPU
		{F3DDF72F-AE81-4648-8ED2-FC8FB1DC73C3}.Debug (LabMUD)|Any CPU.ActiveCfg = Debug|Any CPU
		{F3DDF72F-AE81-4648-8ED2-FC8FB1DC73C3}.Debug (LabMUD)|Any CPU.Build.0 = Debug|Any CPU
		{F3DDF72F-AE81-4648-8ED2-FC8FB1DC73C3}.Debug (LabMUD)|Mixed Platforms.ActiveCfg = Debug|Any CPU
		{F3DDF72F-AE81-4648-8ED2-FC8FB1DC73C3}.Debug (LabMUD)|Mixed Platforms.Build.0 = Debug|Any CPU
		{F3DDF72F-AE81-4648-8ED2-FC8FB1DC73C3}.Debug (LabMUD)|Win32.ActiveCfg = Debug|Any CPU
		{F3DDF72F-AE81-4648-8ED2-FC8FB1DC73C3}.Debug (LabMUD)|Win32.Build.0 = Debug|Any CPU
		{F3DDF72F-AE81-4648-8ED2-FC8FB1DC73C3}.Debug (LabMUD)|x86.ActiveCfg = Debug|Any CPU
		{F3DDF72F-AE81-4648-8ED2-FC8FB1DC73C3}.Debug (LabMUD)|x86.Build.0 = Debug|Any CPU
		{F3DDF72F-AE81-4648-8ED2-FC8FB1DC73C3}.Debug (MySQL)|Any CPU.ActiveCfg = Debug|Any CPU
		{F3DDF72F-AE81-4648-8ED2-FC8FB1DC73C3}.Debug (MySQL)|Any CPU.Build.0 = Debug|Any CPU
		{F3DDF72F-AE81-4648-8ED2-FC8FB1DC73C3}.Debug (MySQL)|Mixed Platforms.ActiveCfg = Debug|Any CPU
		{F3DDF72F-AE81-4648-8ED2-FC8FB1DC73C3}.Debug (MySQL)|Mixed Platforms.Build.0 = Debug|Any CPU
		{F3DDF72F-AE81-4648-8ED2-FC8FB1DC73C3}.Debug (MySQL)|Win32.ActiveCfg = Debug|Any CPU
		{F3DDF72F-AE81-4648-8ED2-FC8FB1DC73C3}.Debug (MySQL)|Win32.Build.0 = Debug|Any CPU
		{F3DDF72F-AE81-4648-8ED2-FC8FB1DC73C3}.Debug (MySQL)|x86.ActiveCfg = Debug|Any CPU
		{F3DDF72F-AE81-4648-8ED2-FC8FB1DC73C3}.Debug (MySQL)|x86.Build.0 = Debug|Any CPU
		{F3DDF72F-AE81-4648-8ED2-FC8FB1DC73C3}.Debug|Any CPU.ActiveCfg = Debug|Any CPU
		{F3DDF72F-AE81-4648-8ED2-FC8FB1DC73C3}.Debug|Any CPU.Build.0 = Debug|Any CPU
		{F3DDF72F-AE81-4648-8ED2-FC8FB1DC73C3}.Debug|Mixed Platforms.ActiveCfg = Debug|Any CPU
		{F3DDF72F-AE81-4648-8ED2-FC8FB1DC73C3}.Debug|Mixed Platforms.Build.0 = Debug|Any CPU
		{F3DDF72F-AE81-4648-8ED2-FC8FB1DC73C3}.Debug|Win32.ActiveCfg = Debug|Any CPU
		{F3DDF72F-AE81-4648-8ED2-FC8FB1DC73C3}.Debug|Win32.Build.0 = Debug|Any CPU
		{F3DDF72F-AE81-4648-8ED2-FC8FB1DC73C3}.Debug|x86.ActiveCfg = Debug|Any CPU
		{F3DDF72F-AE81-4648-8ED2-FC8FB1DC73C3}.Debug|x86.Build.0 = Debug|Any CPU
		{F3DDF72F-AE81-4648-8ED2-FC8FB1DC73C3}.Release|Any CPU.ActiveCfg = Release|Any CPU
		{F3DDF72F-AE81-4648-8ED2-FC8FB1DC73C3}.Release|Any CPU.Build.0 = Release|Any CPU
		{F3DDF72F-AE81-4648-8ED2-FC8FB1DC73C3}.Release|Mixed Platforms.ActiveCfg = Release|Any CPU
		{F3DDF72F-AE81-4648-8ED2-FC8FB1DC73C3}.Release|Mixed Platforms.Build.0 = Release|Any CPU
		{F3DDF72F-AE81-4648-8ED2-FC8FB1DC73C3}.Release|Win32.ActiveCfg = Release|Any CPU
		{F3DDF72F-AE81-4648-8ED2-FC8FB1DC73C3}.Release|Win32.Build.0 = Release|Any CPU
		{F3DDF72F-AE81-4648-8ED2-FC8FB1DC73C3}.Release|x86.ActiveCfg = Release|Any CPU
		{F3DDF72F-AE81-4648-8ED2-FC8FB1DC73C3}.Release|x86.Build.0 = Release|Any CPU
		{D9A787F6-5381-4172-ACEF-5D51E66CA727}.Debug (LabMUD)|Any CPU.ActiveCfg = Debug|Any CPU
		{D9A787F6-5381-4172-ACEF-5D51E66CA727}.Debug (LabMUD)|Any CPU.Build.0 = Debug|Any CPU
		{D9A787F6-5381-4172-ACEF-5D51E66CA727}.Debug (LabMUD)|Mixed Platforms.ActiveCfg = Debug|Any CPU
		{D9A787F6-5381-4172-ACEF-5D51E66CA727}.Debug (LabMUD)|Mixed Platforms.Build.0 = Debug|Any CPU
		{D9A787F6-5381-4172-ACEF-5D51E66CA727}.Debug (LabMUD)|Win32.ActiveCfg = Debug|Any CPU
		{D9A787F6-5381-4172-ACEF-5D51E66CA727}.Debug (LabMUD)|Win32.Build.0 = Debug|Any CPU
		{D9A787F6-5381-4172-ACEF-5D51E66CA727}.Debug (LabMUD)|x86.ActiveCfg = Debug|Any CPU
		{D9A787F6-5381-4172-ACEF-5D51E66CA727}.Debug (LabMUD)|x86.Build.0 = Debug|Any CPU
		{D9A787F6-5381-4172-ACEF-5D51E66CA727}.Debug (MySQL)|Any CPU.ActiveCfg = Debug|Any CPU
		{D9A787F6-5381-4172-ACEF-5D51E66CA727}.Debug (MySQL)|Any CPU.Build.0 = Debug|Any CPU
		{D9A787F6-5381-4172-ACEF-5D51E66CA727}.Debug (MySQL)|Mixed Platforms.ActiveCfg = Debug|Any CPU
		{D9A787F6-5381-4172-ACEF-5D51E66CA727}.Debug (MySQL)|Mixed Platforms.Build.0 = Debug|Any CPU
		{D9A787F6-5381-4172-ACEF-5D51E66CA727}.Debug (MySQL)|Win32.ActiveCfg = Debug|Any CPU
		{D9A787F6-5381-4172-ACEF-5D51E66CA727}.Debug (MySQL)|Win32.Build.0 = Debug|Any CPU
		{D9A787F6-5381-4172-ACEF-5D51E66CA727}.Debug (MySQL)|x86.ActiveCfg = Debug|Any CPU
		{D9A787F6-5381-4172-ACEF-5D51E66CA727}.Debug (MySQL)|x86.Build.0 = Debug|Any CPU
		{D9A787F6-5381-4172-ACEF-5D51E66CA727}.Debug|Any CPU.ActiveCfg = Debug|Any CPU
		{D9A787F6-5381-4172-ACEF-5D51E66CA727}.Debug|Any CPU.Build.0 = Debug|Any CPU
		{D9A787F6-5381-4172-ACEF-5D51E66CA727}.Debug|Mixed Platforms.ActiveCfg = Debug|Any CPU
		{D9A787F6-5381-4172-ACEF-5D51E66CA727}.Debug|Mixed Platforms.Build.0 = Debug|Any CPU
		{D9A787F6-5381-4172-ACEF-5D51E66CA727}.Debug|Win32.ActiveCfg = Debug|Any CPU
		{D9A787F6-5381-4172-ACEF-5D51E66CA727}.Debug|Win32.Build.0 = Debug|Any CPU
		{D9A787F6-5381-4172-ACEF-5D51E66CA727}.Debug|x86.ActiveCfg = Debug|Any CPU
		{D9A787F6-5381-4172-ACEF-5D51E66CA727}.Debug|x86.Build.0 = Debug|Any CPU
		{D9A787F6-5381-4172-ACEF-5D51E66CA727}.Release|Any CPU.ActiveCfg = Release|Any CPU
		{D9A787F6-5381-4172-ACEF-5D51E66CA727}.Release|Any CPU.Build.0 = Release|Any CPU
		{D9A787F6-5381-4172-ACEF-5D51E66CA727}.Release|Mixed Platforms.ActiveCfg = Release|Any CPU
		{D9A787F6-5381-4172-ACEF-5D51E66CA727}.Release|Mixed Platforms.Build.0 = Release|Any CPU
		{D9A787F6-5381-4172-ACEF-5D51E66CA727}.Release|Win32.ActiveCfg = Release|Any CPU
		{D9A787F6-5381-4172-ACEF-5D51E66CA727}.Release|Win32.Build.0 = Release|Any CPU
		{D9A787F6-5381-4172-ACEF-5D51E66CA727}.Release|x86.ActiveCfg = Release|Any CPU
		{D9A787F6-5381-4172-ACEF-5D51E66CA727}.Release|x86.Build.0 = Release|Any CPU
		{D39953E2-72A7-4E13-A01C-23E4AABAC72A}.Debug (LabMUD)|Any CPU.ActiveCfg = Debug|Any CPU
		{D39953E2-72A7-4E13-A01C-23E4AABAC72A}.Debug (LabMUD)|Any CPU.Build.0 = Debug|Any CPU
		{D39953E2-72A7-4E13-A01C-23E4AABAC72A}.Debug (LabMUD)|Mixed Platforms.ActiveCfg = Debug|Any CPU
		{D39953E2-72A7-4E13-A01C-23E4AABAC72A}.Debug (LabMUD)|Mixed Platforms.Build.0 = Debug|Any CPU
		{D39953E2-72A7-4E13-A01C-23E4AABAC72A}.Debug (LabMUD)|Win32.ActiveCfg = Debug|Any CPU
		{D39953E2-72A7-4E13-A01C-23E4AABAC72A}.Debug (LabMUD)|Win32.Build.0 = Debug|Any CPU
		{D39953E2-72A7-4E13-A01C-23E4AABAC72A}.Debug (LabMUD)|x86.ActiveCfg = Debug|Any CPU
		{D39953E2-72A7-4E13-A01C-23E4AABAC72A}.Debug (LabMUD)|x86.Build.0 = Debug|Any CPU
		{D39953E2-72A7-4E13-A01C-23E4AABAC72A}.Debug (MySQL)|Any CPU.ActiveCfg = Debug|Any CPU
		{D39953E2-72A7-4E13-A01C-23E4AABAC72A}.Debug (MySQL)|Any CPU.Build.0 = Debug|Any CPU
		{D39953E2-72A7-4E13-A01C-23E4AABAC72A}.Debug (MySQL)|Mixed Platforms.ActiveCfg = Debug|Any CPU
		{D39953E2-72A7-4E13-A01C-23E4AABAC72A}.Debug (MySQL)|Mixed Platforms.Build.0 = Debug|Any CPU
		{D39953E2-72A7-4E13-A01C-23E4AABAC72A}.Debug (MySQL)|Win32.ActiveCfg = Debug|Any CPU
		{D39953E2-72A7-4E13-A01C-23E4AABAC72A}.Debug (MySQL)|Win32.Build.0 = Debug|Any CPU
		{D39953E2-72A7-4E13-A01C-23E4AABAC72A}.Debug (MySQL)|x86.ActiveCfg = Debug|Any CPU
		{D39953E2-72A7-4E13-A01C-23E4AABAC72A}.Debug (MySQL)|x86.Build.0 = Debug|Any CPU
		{D39953E2-72A7-4E13-A01C-23E4AABAC72A}.Debug|Any CPU.ActiveCfg = Debug|Any CPU
		{D39953E2-72A7-4E13-A01C-23E4AABAC72A}.Debug|Any CPU.Build.0 = Debug|Any CPU
		{D39953E2-72A7-4E13-A01C-23E4AABAC72A}.Debug|Mixed Platforms.ActiveCfg = Debug|Any CPU
		{D39953E2-72A7-4E13-A01C-23E4AABAC72A}.Debug|Mixed Platforms.Build.0 = Debug|Any CPU
		{D39953E2-72A7-4E13-A01C-23E4AABAC72A}.Debug|Win32.ActiveCfg = Debug|Any CPU
		{D39953E2-72A7-4E13-A01C-23E4AABAC72A}.Debug|Win32.Build.0 = Debug|Any CPU
		{D39953E2-72A7-4E13-A01C-23E4AABAC72A}.Debug|x86.ActiveCfg = Debug|Any CPU
		{D39953E2-72A7-4E13-A01C-23E4AABAC72A}.Debug|x86.Build.0 = Debug|Any CPU
		{D39953E2-72A7-4E13-A01C-23E4AABAC72A}.Release|Any CPU.ActiveCfg = Release|Any CPU
		{D39953E2-72A7-4E13-A01C-23E4AABAC72A}.Release|Any CPU.Build.0 = Release|Any CPU
		{D39953E2-72A7-4E13-A01C-23E4AABAC72A}.Release|Mixed Platforms.ActiveCfg = Release|Any CPU
		{D39953E2-72A7-4E13-A01C-23E4AABAC72A}.Release|Mixed Platforms.Build.0 = Release|Any CPU
		{D39953E2-72A7-4E13-A01C-23E4AABAC72A}.Release|Win32.ActiveCfg = Release|Any CPU
		{D39953E2-72A7-4E13-A01C-23E4AABAC72A}.Release|Win32.Build.0 = Release|Any CPU
		{D39953E2-72A7-4E13-A01C-23E4AABAC72A}.Release|x86.ActiveCfg = Release|Any CPU
		{D39953E2-72A7-4E13-A01C-23E4AABAC72A}.Release|x86.Build.0 = Release|Any CPU
		{64892309-9E55-476B-89F5-FEF1F9501622}.Debug (LabMUD)|Any CPU.ActiveCfg = Debug|Any CPU
		{64892309-9E55-476B-89F5-FEF1F9501622}.Debug (LabMUD)|Any CPU.Build.0 = Debug|Any CPU
		{64892309-9E55-476B-89F5-FEF1F9501622}.Debug (LabMUD)|Mixed Platforms.ActiveCfg = Debug|Any CPU
		{64892309-9E55-476B-89F5-FEF1F9501622}.Debug (LabMUD)|Mixed Platforms.Build.0 = Debug|Any CPU
		{64892309-9E55-476B-89F5-FEF1F9501622}.Debug (LabMUD)|Win32.ActiveCfg = Debug|Any CPU
		{64892309-9E55-476B-89F5-FEF1F9501622}.Debug (LabMUD)|Win32.Build.0 = Debug|Any CPU
		{64892309-9E55-476B-89F5-FEF1F9501622}.Debug (LabMUD)|x86.ActiveCfg = Debug|Any CPU
		{64892309-9E55-476B-89F5-FEF1F9501622}.Debug (LabMUD)|x86.Build.0 = Debug|Any CPU
		{64892309-9E55-476B-89F5-FEF1F9501622}.Debug (MySQL)|Any CPU.ActiveCfg = Debug|Any CPU
		{64892309-9E55-476B-89F5-FEF1F9501622}.Debug (MySQL)|Any CPU.Build.0 = Debug|Any CPU
		{64892309-9E55-476B-89F5-FEF1F9501622}.Debug (MySQL)|Mixed Platforms.ActiveCfg = Debug|Any CPU
		{64892309-9E55-476B-89F5-FEF1F9501622}.Debug (MySQL)|Mixed Platforms.Build.0 = Debug|Any CPU
		{64892309-9E55-476B-89F5-FEF1F9501622}.Debug (MySQL)|Win32.ActiveCfg = Debug|Any CPU
		{64892309-9E55-476B-89F5-FEF1F9501622}.Debug (MySQL)|Win32.Build.0 = Debug|Any CPU
		{64892309-9E55-476B-89F5-FEF1F9501622}.Debug (MySQL)|x86.ActiveCfg = Debug|Any CPU
		{64892309-9E55-476B-89F5-FEF1F9501622}.Debug (MySQL)|x86.Build.0 = Debug|Any CPU
		{64892309-9E55-476B-89F5-FEF1F9501622}.Debug|Any CPU.ActiveCfg = Debug|Any CPU
		{64892309-9E55-476B-89F5-FEF1F9501622}.Debug|Any CPU.Build.0 = Debug|Any CPU
		{64892309-9E55-476B-89F5-FEF1F9501622}.Debug|Mixed Platforms.ActiveCfg = Debug|Any CPU
		{64892309-9E55-476B-89F5-FEF1F9501622}.Debug|Mixed Platforms.Build.0 = Debug|Any CPU
		{64892309-9E55-476B-89F5-FEF1F9501622}.Debug|Win32.ActiveCfg = Debug|Any CPU
		{64892309-9E55-476B-89F5-FEF1F9501622}.Debug|Win32.Build.0 = Debug|Any CPU
		{64892309-9E55-476B-89F5-FEF1F9501622}.Debug|x86.ActiveCfg = Debug|Any CPU
		{64892309-9E55-476B-89F5-FEF1F9501622}.Debug|x86.Build.0 = Debug|Any CPU
		{64892309-9E55-476B-89F5-FEF1F9501622}.Release|Any CPU.ActiveCfg = Release|Any CPU
		{64892309-9E55-476B-89F5-FEF1F9501622}.Release|Any CPU.Build.0 = Release|Any CPU
		{64892309-9E55-476B-89F5-FEF1F9501622}.Release|Mixed Platforms.ActiveCfg = Release|Any CPU
		{64892309-9E55-476B-89F5-FEF1F9501622}.Release|Mixed Platforms.Build.0 = Release|Any CPU
		{64892309-9E55-476B-89F5-FEF1F9501622}.Release|Win32.ActiveCfg = Release|Any CPU
		{64892309-9E55-476B-89F5-FEF1F9501622}.Release|Win32.Build.0 = Release|Any CPU
		{64892309-9E55-476B-89F5-FEF1F9501622}.Release|x86.ActiveCfg = Release|Any CPU
		{64892309-9E55-476B-89F5-FEF1F9501622}.Release|x86.Build.0 = Release|Any CPU
		{AB721AA2-38AA-4324-8A3C-30C1AE887726}.Debug (LabMUD)|Any CPU.ActiveCfg = Debug|Any CPU
		{AB721AA2-38AA-4324-8A3C-30C1AE887726}.Debug (LabMUD)|Any CPU.Build.0 = Debug|Any CPU
		{AB721AA2-38AA-4324-8A3C-30C1AE887726}.Debug (LabMUD)|Mixed Platforms.ActiveCfg = Debug|Any CPU
		{AB721AA2-38AA-4324-8A3C-30C1AE887726}.Debug (LabMUD)|Mixed Platforms.Build.0 = Debug|Any CPU
		{AB721AA2-38AA-4324-8A3C-30C1AE887726}.Debug (LabMUD)|Win32.ActiveCfg = Debug|Any CPU
		{AB721AA2-38AA-4324-8A3C-30C1AE887726}.Debug (LabMUD)|Win32.Build.0 = Debug|Any CPU
		{AB721AA2-38AA-4324-8A3C-30C1AE887726}.Debug (LabMUD)|x86.ActiveCfg = Debug|Any CPU
		{AB721AA2-38AA-4324-8A3C-30C1AE887726}.Debug (LabMUD)|x86.Build.0 = Debug|Any CPU
		{AB721AA2-38AA-4324-8A3C-30C1AE887726}.Debug (MySQL)|Any CPU.ActiveCfg = Debug|Any CPU
		{AB721AA2-38AA-4324-8A3C-30C1AE887726}.Debug (MySQL)|Any CPU.Build.0 = Debug|Any CPU
		{AB721AA2-38AA-4324-8A3C-30C1AE887726}.Debug (MySQL)|Mixed Platforms.ActiveCfg = Debug|Any CPU
		{AB721AA2-38AA-4324-8A3C-30C1AE887726}.Debug (MySQL)|Mixed Platforms.Build.0 = Debug|Any CPU
		{AB721AA2-38AA-4324-8A3C-30C1AE887726}.Debug (MySQL)|Win32.ActiveCfg = Debug|Any CPU
		{AB721AA2-38AA-4324-8A3C-30C1AE887726}.Debug (MySQL)|Win32.Build.0 = Debug|Any CPU
		{AB721AA2-38AA-4324-8A3C-30C1AE887726}.Debug (MySQL)|x86.ActiveCfg = Debug|Any CPU
		{AB721AA2-38AA-4324-8A3C-30C1AE887726}.Debug (MySQL)|x86.Build.0 = Debug|Any CPU
		{AB721AA2-38AA-4324-8A3C-30C1AE887726}.Debug|Any CPU.ActiveCfg = Debug|Any CPU
		{AB721AA2-38AA-4324-8A3C-30C1AE887726}.Debug|Any CPU.Build.0 = Debug|Any CPU
		{AB721AA2-38AA-4324-8A3C-30C1AE887726}.Debug|Mixed Platforms.ActiveCfg = Debug|Any CPU
		{AB721AA2-38AA-4324-8A3C-30C1AE887726}.Debug|Mixed Platforms.Build.0 = Debug|Any CPU
		{AB721AA2-38AA-4324-8A3C-30C1AE887726}.Debug|Win32.ActiveCfg = Debug|Any CPU
		{AB721AA2-38AA-4324-8A3C-30C1AE887726}.Debug|Win32.Build.0 = Debug|Any CPU
		{AB721AA2-38AA-4324-8A3C-30C1AE887726}.Debug|x86.ActiveCfg = Debug|Any CPU
		{AB721AA2-38AA-4324-8A3C-30C1AE887726}.Debug|x86.Build.0 = Debug|Any CPU
		{AB721AA2-38AA-4324-8A3C-30C1AE887726}.Release|Any CPU.ActiveCfg = Release|Any CPU
		{AB721AA2-38AA-4324-8A3C-30C1AE887726}.Release|Any CPU.Build.0 = Release|Any CPU
		{AB721AA2-38AA-4324-8A3C-30C1AE887726}.Release|Mixed Platforms.ActiveCfg = Release|Any CPU
		{AB721AA2-38AA-4324-8A3C-30C1AE887726}.Release|Mixed Platforms.Build.0 = Release|Any CPU
		{AB721AA2-38AA-4324-8A3C-30C1AE887726}.Release|Win32.ActiveCfg = Release|Any CPU
		{AB721AA2-38AA-4324-8A3C-30C1AE887726}.Release|Win32.Build.0 = Release|Any CPU
		{AB721AA2-38AA-4324-8A3C-30C1AE887726}.Release|x86.ActiveCfg = Release|Any CPU
		{AB721AA2-38AA-4324-8A3C-30C1AE887726}.Release|x86.Build.0 = Release|Any CPU
		{F7117A5B-9FB7-4A69-995A-D268AC2CB935}.Debug (LabMUD)|Any CPU.ActiveCfg = Debug|Any CPU
		{F7117A5B-9FB7-4A69-995A-D268AC2CB935}.Debug (LabMUD)|Any CPU.Build.0 = Debug|Any CPU
		{F7117A5B-9FB7-4A69-995A-D268AC2CB935}.Debug (LabMUD)|Mixed Platforms.ActiveCfg = Debug|Any CPU
		{F7117A5B-9FB7-4A69-995A-D268AC2CB935}.Debug (LabMUD)|Mixed Platforms.Build.0 = Debug|Any CPU
		{F7117A5B-9FB7-4A69-995A-D268AC2CB935}.Debug (LabMUD)|Win32.ActiveCfg = Debug|Any CPU
		{F7117A5B-9FB7-4A69-995A-D268AC2CB935}.Debug (LabMUD)|Win32.Build.0 = Debug|Any CPU
		{F7117A5B-9FB7-4A69-995A-D268AC2CB935}.Debug (LabMUD)|x86.ActiveCfg = Debug|Any CPU
		{F7117A5B-9FB7-4A69-995A-D268AC2CB935}.Debug (LabMUD)|x86.Build.0 = Debug|Any CPU
		{F7117A5B-9FB7-4A69-995A-D268AC2CB935}.Debug (MySQL)|Any CPU.ActiveCfg = Debug|Any CPU
		{F7117A5B-9FB7-4A69-995A-D268AC2CB935}.Debug (MySQL)|Any CPU.Build.0 = Debug|Any CPU
		{F7117A5B-9FB7-4A69-995A-D268AC2CB935}.Debug (MySQL)|Mixed Platforms.ActiveCfg = Debug|Any CPU
		{F7117A5B-9FB7-4A69-995A-D268AC2CB935}.Debug (MySQL)|Mixed Platforms.Build.0 = Debug|Any CPU
		{F7117A5B-9FB7-4A69-995A-D268AC2CB935}.Debug (MySQL)|Win32.ActiveCfg = Debug|Any CPU
		{F7117A5B-9FB7-4A69-995A-D268AC2CB935}.Debug (MySQL)|Win32.Build.0 = Debug|Any CPU
		{F7117A5B-9FB7-4A69-995A-D268AC2CB935}.Debug (MySQL)|x86.ActiveCfg = Debug|Any CPU
		{F7117A5B-9FB7-4A69-995A-D268AC2CB935}.Debug (MySQL)|x86.Build.0 = Debug|Any CPU
		{F7117A5B-9FB7-4A69-995A-D268AC2CB935}.Debug|Any CPU.ActiveCfg = Debug|Any CPU
		{F7117A5B-9FB7-4A69-995A-D268AC2CB935}.Debug|Any CPU.Build.0 = Debug|Any CPU
		{F7117A5B-9FB7-4A69-995A-D268AC2CB935}.Debug|Mixed Platforms.ActiveCfg = Debug|Any CPU
		{F7117A5B-9FB7-4A69-995A-D268AC2CB935}.Debug|Mixed Platforms.Build.0 = Debug|Any CPU
		{F7117A5B-9FB7-4A69-995A-D268AC2CB935}.Debug|Win32.ActiveCfg = Debug|Any CPU
		{F7117A5B-9FB7-4A69-995A-D268AC2CB935}.Debug|Win32.Build.0 = Debug|Any CPU
		{F7117A5B-9FB7-4A69-995A-D268AC2CB935}.Debug|x86.ActiveCfg = Debug|Any CPU
		{F7117A5B-9FB7-4A69-995A-D268AC2CB935}.Debug|x86.Build.0 = Debug|Any CPU
		{F7117A5B-9FB7-4A69-995A-D268AC2CB935}.Release|Any CPU.ActiveCfg = Release|Any CPU
		{F7117A5B-9FB7-4A69-995A-D268AC2CB935}.Release|Any CPU.Build.0 = Release|Any CPU
		{F7117A5B-9FB7-4A69-995A-D268AC2CB935}.Release|Mixed Platforms.ActiveCfg = Release|Any CPU
		{F7117A5B-9FB7-4A69-995A-D268AC2CB935}.Release|Mixed Platforms.Build.0 = Release|Any CPU
		{F7117A5B-9FB7-4A69-995A-D268AC2CB935}.Release|Win32.ActiveCfg = Release|Any CPU
		{F7117A5B-9FB7-4A69-995A-D268AC2CB935}.Release|Win32.Build.0 = Release|Any CPU
		{F7117A5B-9FB7-4A69-995A-D268AC2CB935}.Release|x86.ActiveCfg = Release|Any CPU
		{F7117A5B-9FB7-4A69-995A-D268AC2CB935}.Release|x86.Build.0 = Release|Any CPU
		{FDE0C024-D290-4B7E-AB77-5264990D1804}.Debug (LabMUD)|Any CPU.ActiveCfg = Debug|Any CPU
		{FDE0C024-D290-4B7E-AB77-5264990D1804}.Debug (LabMUD)|Any CPU.Build.0 = Debug|Any CPU
		{FDE0C024-D290-4B7E-AB77-5264990D1804}.Debug (LabMUD)|Mixed Platforms.ActiveCfg = Debug|Any CPU
		{FDE0C024-D290-4B7E-AB77-5264990D1804}.Debug (LabMUD)|Mixed Platforms.Build.0 = Debug|Any CPU
		{FDE0C024-D290-4B7E-AB77-5264990D1804}.Debug (LabMUD)|Win32.ActiveCfg = Debug|Any CPU
		{FDE0C024-D290-4B7E-AB77-5264990D1804}.Debug (LabMUD)|Win32.Build.0 = Debug|Any CPU
		{FDE0C024-D290-4B7E-AB77-5264990D1804}.Debug (LabMUD)|x86.ActiveCfg = Debug|Any CPU
		{FDE0C024-D290-4B7E-AB77-5264990D1804}.Debug (LabMUD)|x86.Build.0 = Debug|Any CPU
		{FDE0C024-D290-4B7E-AB77-5264990D1804}.Debug (MySQL)|Any CPU.ActiveCfg = Debug|Any CPU
		{FDE0C024-D290-4B7E-AB77-5264990D1804}.Debug (MySQL)|Any CPU.Build.0 = Debug|Any CPU
		{FDE0C024-D290-4B7E-AB77-5264990D1804}.Debug (MySQL)|Mixed Platforms.ActiveCfg = Debug|Any CPU
		{FDE0C024-D290-4B7E-AB77-5264990D1804}.Debug (MySQL)|Mixed Platforms.Build.0 = Debug|Any CPU
		{FDE0C024-D290-4B7E-AB77-5264990D1804}.Debug (MySQL)|Win32.ActiveCfg = Debug|Any CPU
		{FDE0C024-D290-4B7E-AB77-5264990D1804}.Debug (MySQL)|Win32.Build.0 = Debug|Any CPU
		{FDE0C024-D290-4B7E-AB77-5264990D1804}.Debug (MySQL)|x86.ActiveCfg = Debug|Any CPU
		{FDE0C024-D290-4B7E-AB77-5264990D1804}.Debug (MySQL)|x86.Build.0 = Debug|Any CPU
		{FDE0C024-D290-4B7E-AB77-5264990D1804}.Debug|Any CPU.ActiveCfg = Debug|Any CPU
		{FDE0C024-D290-4B7E-AB77-5264990D1804}.Debug|Any CPU.Build.0 = Debug|Any CPU
		{FDE0C024-D290-4B7E-AB77-5264990D1804}.Debug|Mixed Platforms.ActiveCfg = Debug|Any CPU
		{FDE0C024-D290-4B7E-AB77-5264990D1804}.Debug|Mixed Platforms.Build.0 = Debug|Any CPU
		{FDE0C024-D290-4B7E-AB77-5264990D1804}.Debug|Win32.ActiveCfg = Debug|Any CPU
		{FDE0C024-D290-4B7E-AB77-5264990D1804}.Debug|Win32.Build.0 = Debug|Any CPU
		{FDE0C024-D290-4B7E-AB77-5264990D1804}.Debug|x86.ActiveCfg = Debug|Any CPU
		{FDE0C024-D290-4B7E-AB77-5264990D1804}.Debug|x86.Build.0 = Debug|Any CPU
		{FDE0C024-D290-4B7E-AB77-5264990D1804}.Release|Any CPU.ActiveCfg = Release|Any CPU
		{FDE0C024-D290-4B7E-AB77-5264990D1804}.Release|Any CPU.Build.0 = Release|Any CPU
		{FDE0C024-D290-4B7E-AB77-5264990D1804}.Release|Mixed Platforms.ActiveCfg = Release|Any CPU
		{FDE0C024-D290-4B7E-AB77-5264990D1804}.Release|Mixed Platforms.Build.0 = Release|Any CPU
		{FDE0C024-D290-4B7E-AB77-5264990D1804}.Release|Win32.ActiveCfg = Release|Any CPU
		{FDE0C024-D290-4B7E-AB77-5264990D1804}.Release|Win32.Build.0 = Release|Any CPU
		{FDE0C024-D290-4B7E-AB77-5264990D1804}.Release|x86.ActiveCfg = Release|Any CPU
		{FDE0C024-D290-4B7E-AB77-5264990D1804}.Release|x86.Build.0 = Release|Any CPU
	EndGlobalSection
	GlobalSection(SolutionProperties) = preSolution
		HideSolutionNode = FALSE
	EndGlobalSection
	GlobalSection(NestedProjects) = preSolution
		{5C727653-AE8C-468A-AFED-99E2CA615B31} = {EC75D277-E25F-4978-B153-195DDB185097}
		{6CC81E07-F4B8-405A-854C-D460A89B18D5} = {EC75D277-E25F-4978-B153-195DDB185097}
	EndGlobalSection
	GlobalSection(ExtensibilityGlobals) = postSolution
		SolutionGuid = {44978E47-2FA8-4EBE-B4A5-74B49FDA01E5}
		BuildVersion_StartDate = 2000/1/1
	EndGlobalSection
	GlobalSection(TestCaseManagementSettings) = postSolution
		CategoryFile = MudSharp.vsmdi
	EndGlobalSection
EndGlobal
